# This file is autogenerated, do not edit; changes may be undone by the next 'dep ensure'.


[[projects]]
  name = "github.com/kardianos/osext"
  packages = ["."]
  revision = "6e7f843663477789fac7c02def0d0909e969b4e5"

[[projects]]
  name = "github.com/kr/binarydist"
  packages = ["."]
  revision = "9955b0ab8708602d411341e55fffd7e0700f86bd"

[[projects]]
  branch = "v0"
  name = "gopkg.in/inconshreveable/go-update.v0"
  packages = [
    ".",
    "download"
  ]
  revision = "d8b0b1d421aa1cbf392c05869f8abbc669bb7066"

[solve-meta]
  analyzer-name = "dep"
  analyzer-version = 1
  inputs-digest = "2dc15c6a0e0dda650516ca1c04eb3ce579602cb928acda004089b48b0dce8a9d"
  solver-name = "gps-cdcl"
  solver-version = 1
